
Microsoft Visual Studio Solution File, Format Version 12.00
# Visual Studio Version 17
VisualStudioVersion = 17.0.31825.309
MinimumVisualStudioVersion = 10.0.40219.1
Project("{FAE04EC0-301F-11D3-BF4B-00C04F79EFBC}") = "IReadOnlyListBenchmark", "IReadOnlyListBenchmark\IReadOnlyListBenchmark.csproj", "{55CC2311-56DD-4AA2-B20D-9635A02739A7}"
EndProject
Global
	GlobalSection(SolutionConfigurationPlatforms) = preSolution
		Debug|Any CPU = Debug|Any CPU
		Debug|x64 = Debug|x64
		Release|Any CPU = Release|Any CPU
		Release|x64 = Release|x64
	EndGlobalSection
	GlobalSection(ProjectConfigurationPlatforms) = postSolution
		{55CC2311-56DD-4AA2-B20D-9635A02739A7}.Debug|Any CPU.ActiveCfg = Debug|Any CPU
		{55CC2311-56DD-4AA2-B20D-9635A02739A7}.Debug|Any CPU.Build.0 = Debug|Any CPU
		{55CC2311-56DD-4AA2-B20D-9635A02739A7}.Debug|x64.ActiveCfg = Debug|x64
		{55CC2311-56DD-4AA2-B20D-9635A02739A7}.Debug|x64.Build.0 = Debug|x64
		{55CC2311-56DD-4AA2-B20D-9635A02739A7}.Release|Any CPU.ActiveCfg = Release|Any CPU
		{55CC2311-56DD-4AA2-B20D-9635A02739A7}.Release|Any CPU.Build.0 = Release|Any CPU
		{55CC2311-56DD-4AA2-B20D-9635A02739A7}.Release|x64.ActiveCfg = Release|x64
		{55CC2311-56DD-4AA2-B20D-9635A02739A7}.Release|x64.Build.0 = Release|x64
	EndGlobalSection
	GlobalSection(SolutionProperties) = preSolution
		HideSolutionNode = FALSE
	EndGlobalSection
	GlobalSection(ExtensibilityGlobals) = postSolution
		SolutionGuid = {F0537ED7-17C4-41B1-8B48-B43CA8B238BB}
	EndGlobalSection
EndGlobal
